
Microsoft Visual Studio Solution File, Format Version 12.00
# Visual Studio Version 17
VisualStudioVersion = 17.1.32210.238
MinimumVisualStudioVersion = 10.0.40219.1
Project("{FAE04EC0-301F-11D3-BF4B-00C04F79EFBC}") = "Employee", "Employee\Employee.csproj", "{FFC9FA91-FF75-4C4B-B505-C12A3D7EB6FD}"
EndProject
Global
	GlobalSection(SolutionConfigurationPlatforms) = preSolution
		Debug|Any CPU = Debug|Any CPU
		Release|Any CPU = Release|Any CPU
	EndGlobalSection
	GlobalSection(ProjectConfigurationPlatforms) = postSolution
		{FFC9FA91-FF75-4C4B-B505-C12A3D7EB6FD}.Debug|Any CPU.ActiveCfg = Debug|Any CPU
		{FFC9FA91-FF75-4C4B-B505-C12A3D7EB6FD}.Debug|Any CPU.Build.0 = Debug|Any CPU
		{FFC9FA91-FF75-4C4B-B505-C12A3D7EB6FD}.Release|Any CPU.ActiveCfg = Release|Any CPU
		{FFC9FA91-FF75-4C4B-B505-C12A3D7EB6FD}.Release|Any CPU.Build.0 = Release|Any CPU
	EndGlobalSection
	GlobalSection(SolutionProperties) = preSolution
		HideSolutionNode = FALSE
	EndGlobalSection
	GlobalSection(ExtensibilityGlobals) = postSolution
		SolutionGuid = {69F95B65-2945-4BE2-B04E-528467504A43}
	EndGlobalSection
EndGlobal
